
Microsoft Visual Studio Solution File, Format Version 12.00
# Visual Studio Version 17
VisualStudioVersion = 17.5.002.0
MinimumVisualStudioVersion = 10.0.40219.1
Project("{9A19103F-16F7-4668-BE54-9A1E7A4F7556}") = "AdvisoryApp", "AdvisoryApp.csproj", "{E9482E20-29C5-4E45-895F-7CD57C2122D7}"
EndProject
Global
	GlobalSection(SolutionConfigurationPlatforms) = preSolution
		Debug|Any CPU = Debug|Any CPU
		Release|Any CPU = Release|Any CPU
	EndGlobalSection
	GlobalSection(ProjectConfigurationPlatforms) = postSolution
		{E9482E20-29C5-4E45-895F-7CD57C2122D7}.Debug|Any CPU.ActiveCfg = Debug|Any CPU
		{E9482E20-29C5-4E45-895F-7CD57C2122D7}.Debug|Any CPU.Build.0 = Debug|Any CPU
		{E9482E20-29C5-4E45-895F-7CD57C2122D7}.Release|Any CPU.ActiveCfg = Release|Any CPU
		{E9482E20-29C5-4E45-895F-7CD57C2122D7}.Release|Any CPU.Build.0 = Release|Any CPU
	EndGlobalSection
	GlobalSection(SolutionProperties) = preSolution
		HideSolutionNode = FALSE
	EndGlobalSection
	GlobalSection(ExtensibilityGlobals) = postSolution
		SolutionGuid = {8776F714-6D10-4F3E-902C-1558A418DB74}
	EndGlobalSection
EndGlobal
